
Microsoft Visual Studio Solution File, Format Version 12.00
# Visual Studio Version 16
VisualStudioVersion = 16.0.29102.190
MinimumVisualStudioVersion = 10.0.40219.1
Project("{FAE04EC0-301F-11D3-BF4B-00C04F79EFBC}") = "UI_Arduino", "UI_Arduino\UI_Arduino.csproj", "{65B7977C-D942-4D13-844D-728D87CA2D40}"
EndProject
Global
	GlobalSection(SolutionConfigurationPlatforms) = preSolution
		Debug|Any CPU = Debug|Any CPU
		Release|Any CPU = Release|Any CPU
	EndGlobalSection
	GlobalSection(ProjectConfigurationPlatforms) = postSolution
		{65B7977C-D942-4D13-844D-728D87CA2D40}.Debug|Any CPU.ActiveCfg = Debug|Any CPU
		{65B7977C-D942-4D13-844D-728D87CA2D40}.Debug|Any CPU.Build.0 = Debug|Any CPU
		{65B7977C-D942-4D13-844D-728D87CA2D40}.Release|Any CPU.ActiveCfg = Release|Any CPU
		{65B7977C-D942-4D13-844D-728D87CA2D40}.Release|Any CPU.Build.0 = Release|Any CPU
	EndGlobalSection
	GlobalSection(SolutionProperties) = preSolution
		HideSolutionNode = FALSE
	EndGlobalSection
	GlobalSection(ExtensibilityGlobals) = postSolution
		SolutionGuid = {BF04CCB2-2497-418F-9994-8392124A5AE6}
	EndGlobalSection
EndGlobal
